{
  "name": "nextjs-boilerplate-bootstrap",
  "version": "1.0.0",
  "lockfileVersion": 1,
  "requires": true,
  "dependencies": {
    "d3": {
      "version": "3.5.17",
      "resolved": "http://registry.npm.taobao.org/d3/download/d3-3.5.17.tgz",
      "integrity": "sha1-vEZ0gAQ3iyGjYMn8fPUjF5B2L7g="
    },
    "d3-array": {
      "version": "0.7.1",
      "resolved": "http://registry.npm.taobao.org/d3-array/download/d3-array-0.7.1.tgz",
      "integrity": "sha1-oyHCFVhFnZlOtK1HtHgkDmSTOUI="
    },
    "d3-axis": {
      "version": "0.3.2",
      "resolved": "http://registry.npm.taobao.org/d3-axis/download/d3-axis-0.3.2.tgz",
      "integrity": "sha1-IiyXkJw//3LdxdaZH64jkm7sdIU=",
      "requires": {
        "d3-scale": "0.7.2",
        "d3-selection": "0.7.3",
        "d3-transition": "0.2.10"
      },
      "dependencies": {
        "d3-collection": {
          "version": "0.2.0",
          "resolved": "http://registry.npm.taobao.org/d3-collection/download/d3-collection-0.2.0.tgz",
          "integrity": "sha1-CnzzYtgj8MZQV8wHX05EHDHDAPo="
        },
        "d3-interpolate": {
          "version": "0.8.3",
          "resolved": "http://registry.npm.taobao.org/d3-interpolate/download/d3-interpolate-0.8.3.tgz",
          "integrity": "sha1-qOVkpg9tw4TvESwgblGhnm2ISYE=",
          "requires": {
            "d3-color": "0.4.2"
          }
        },
        "d3-scale": {
          "version": "0.7.2",
          "resolved": "http://registry.npm.taobao.org/d3-scale/download/d3-scale-0.7.2.tgz",
          "integrity": "sha1-ayzYufT7grjUpsaHmh74kHeWEQU=",
          "requires": {
            "d3-array": "0.7.1",
            "d3-collection": "0.2.0",
            "d3-color": "0.4.2",
            "d3-format": "0.5.1",
            "d3-interpolate": "0.8.3",
            "d3-time": "0.2.6",
            "d3-time-format": "0.3.2"
          }
        }
      }
    },
    "d3-collection": {
      "version": "0.1.2",
      "resolved": "http://registry.npm.taobao.org/d3-collection/download/d3-collection-0.1.2.tgz",
      "integrity": "sha1-0UlfVyCt04NRF+GRZgfSsFsYbFo="
    },
    "d3-color": {
      "version": "0.4.2",
      "resolved": "http://registry.npm.taobao.org/d3-color/download/d3-color-0.4.2.tgz",
      "integrity": "sha1-3wE+eJ2b/vD46jmGySNAzfNA2KA="
    },
    "d3-dispatch": {
      "version": "0.4.4",
      "resolved": "http://registry.npm.taobao.org/d3-dispatch/download/d3-dispatch-0.4.4.tgz",
      "integrity": "sha1-S7poPgpNvN0mlzMsdFrcfBEtKlQ="
    },
    "d3-ease": {
      "version": "0.7.0",
      "resolved": "http://registry.npm.taobao.org/d3-ease/download/d3-ease-0.7.0.tgz",
      "integrity": "sha1-GqXt9Y49bnu9agAMAKExqeAYEDw="
    },
    "d3-format": {
      "version": "0.5.1",
      "resolved": "http://registry.npm.taobao.org/d3-format/download/d3-format-0.5.1.tgz",
      "integrity": "sha1-lEfXyVyEsV00wTiXXb8EiaQS5AU="
    },
    "d3-interpolate": {
      "version": "0.7.0",
      "resolved": "http://registry.npm.taobao.org/d3-interpolate/download/d3-interpolate-0.7.0.tgz",
      "integrity": "sha1-H5/xfNjJC38SH2dD5u8QYt/omNE=",
      "requires": {
        "d3-color": "0.4.2"
      }
    },
    "d3-path": {
      "version": "0.1.5",
      "resolved": "http://registry.npm.taobao.org/d3-path/download/d3-path-0.1.5.tgz",
      "integrity": "sha1-f2LgZRJ4b0LjundbtmAnr8yFVik="
    },
    "d3-scale": {
      "version": "0.6.4",
      "resolved": "http://registry.npm.taobao.org/d3-scale/download/d3-scale-0.6.4.tgz",
      "integrity": "sha1-45jhRvpT3sU3DtHwRe8EJsGj/ZA=",
      "requires": {
        "d3-array": "0.7.1",
        "d3-collection": "0.1.2",
        "d3-color": "0.4.2",
        "d3-format": "0.5.1",
        "d3-interpolate": "0.7.0",
        "d3-time": "0.2.6",
        "d3-time-format": "0.3.2"
      }
    },
    "d3-selection": {
      "version": "0.7.3",
      "resolved": "http://registry.npm.taobao.org/d3-selection/download/d3-selection-0.7.3.tgz",
      "integrity": "sha1-Sc7XgwAKmj+gd2/tMPCALaRHEZQ="
    },
    "d3-shape": {
      "version": "0.5.1",
      "resolved": "http://registry.npm.taobao.org/d3-shape/download/d3-shape-0.5.1.tgz",
      "integrity": "sha1-j6BrCKsHJ2Fo1R4kx8vxpXKHwr8=",
      "requires": {
        "d3-path": "0.1.5"
      }
    },
    "d3-time": {
      "version": "0.2.6",
      "resolved": "http://registry.npm.taobao.org/d3-time/download/d3-time-0.2.6.tgz",
      "integrity": "sha1-WHVT6eqeBVRi1BnHqpTpR3vhXLA="
    },
    "d3-time-format": {
      "version": "0.3.2",
      "resolved": "http://registry.npm.taobao.org/d3-time-format/download/d3-time-format-0.3.2.tgz",
      "integrity": "sha1-nDDpCkB4+T+sFeJ7IBaGVIjAB8E=",
      "requires": {
        "d3-time": "0.2.6"
      }
    },
    "d3-timer": {
      "version": "0.4.4",
      "resolved": "http://registry.npm.taobao.org/d3-timer/download/d3-timer-0.4.4.tgz",
      "integrity": "sha1-3D0v7aItJ1skeO4DZIPQkjEyfiI="
    },
    "d3-transition": {
      "version": "0.2.10",
      "resolved": "http://registry.npm.taobao.org/d3-transition/download/d3-transition-0.2.10.tgz",
      "integrity": "sha1-cyJ9K7LQk5v0ZAkufMmzlzBVnJQ=",
      "requires": {
        "d3-color": "0.4.2",
        "d3-dispatch": "0.4.4",
        "d3-ease": "0.7.0",
        "d3-interpolate": "0.8.3",
        "d3-selection": "0.7.3",
        "d3-timer": "0.4.4"
      },
      "dependencies": {
        "d3-interpolate": {
          "version": "0.8.3",
          "resolved": "http://registry.npm.taobao.org/d3-interpolate/download/d3-interpolate-0.8.3.tgz",
          "integrity": "sha1-qOVkpg9tw4TvESwgblGhnm2ISYE=",
          "requires": {
            "d3-color": "0.4.2"
          }
        }
      }
    },
    "query-selector": {
      "version": "1.0.9",
      "resolved": "http://registry.npm.taobao.org/query-selector/download/query-selector-1.0.9.tgz",
      "integrity": "sha1-kX/TG3N5tT/UQeU2r2R1UuAefp4="
    },
    "react-d3-basic": {
      "version": "1.6.11",
      "resolved": "http://registry.npm.taobao.org/react-d3-basic/download/react-d3-basic-1.6.11.tgz",
      "integrity": "sha1-bgNZQ0WI6NoBKUgjq4wDQ67lqmg=",
      "requires": {
        "d3-array": "0.7.1",
        "d3-scale": "0.6.4",
        "react-d3-core": "1.3.9",
        "react-d3-shape": "0.2.24",
        "react-faux-dom": "2.7.1"
      }
    },
    "react-d3-core": {
      "version": "1.3.9",
      "resolved": "http://registry.npm.taobao.org/react-d3-core/download/react-d3-core-1.3.9.tgz",
      "integrity": "sha1-TIjJld91p0oDwIKrEfy2DktOO/M=",
      "requires": {
        "d3-array": "0.7.1",
        "d3-axis": "0.3.2",
        "d3-scale": "0.6.4",
        "d3-selection": "0.7.3",
        "react-faux-dom": "2.7.1"
      }
    },
    "react-d3-shape": {
      "version": "0.2.24",
      "resolved": "http://registry.npm.taobao.org/react-d3-shape/download/react-d3-shape-0.2.24.tgz",
      "integrity": "sha1-QZfcH5keOvdiKs66Wq2yqNDTpIk=",
      "requires": {
        "d3": "3.5.17",
        "d3-scale": "0.6.4",
        "d3-shape": "0.5.1",
        "react-d3-core": "1.3.9"
      }
    },
    "react-faux-dom": {
      "version": "2.7.1",
      "resolved": "http://registry.npm.taobao.org/react-faux-dom/download/react-faux-dom-2.7.1.tgz",
      "integrity": "sha1-1Z4ZBnFcNNGpvcSp9I7pbF1vqG8=",
      "requires": {
        "query-selector": "1.0.9",
        "style-attr": "1.3.0"
      }
    },
    "style-attr": {
      "version": "1.3.0",
      "resolved": "http://registry.npm.taobao.org/style-attr/download/style-attr-1.3.0.tgz",
      "integrity": "sha1-LBmXpIZeJdfbyyFr4K1xXwBbmxc="
    }
  }
}
